
Microsoft Visual Studio Solution File, Format Version 12.00
# Visual Studio Version 17
VisualStudioVersion = 17.12.35728.132
MinimumVisualStudioVersion = 10.0.40219.1
Project("{8BC9CEB8-8B4A-11D0-8D11-00A0C91BC942}") = "Editor", "Editor\Editor.vcxproj", "{75246BF5-7FC8-415B-BAEE-24BA4FC72AE2}"
EndProject
Project("{8BC9CEB8-8B4A-11D0-8D11-00A0C91BC942}") = "Engine", "Engine\Engine.vcxproj", "{4351AFB6-4253-4D5F-B2F3-52B44D6C6F6B}"
EndProject
Global
	GlobalSection(SolutionConfigurationPlatforms) = preSolution
		Debug|x64 = Debug|x64
		Debug|x86 = Debug|x86
		Release|x64 = Release|x64
		Release|x86 = Release|x86
	EndGlobalSection
	GlobalSection(ProjectConfigurationPlatforms) = postSolution
		{75246BF5-7FC8-415B-BAEE-24BA4FC72AE2}.Debug|x64.ActiveCfg = Debug|x64
		{75246BF5-7FC8-415B-BAEE-24BA4FC72AE2}.Debug|x64.Build.0 = Debug|x64
		{75246BF5-7FC8-415B-BAEE-24BA4FC72AE2}.Debug|x86.ActiveCfg = Debug|Win32
		{75246BF5-7FC8-415B-BAEE-24BA4FC72AE2}.Debug|x86.Build.0 = Debug|Win32
		{75246BF5-7FC8-415B-BAEE-24BA4FC72AE2}.Release|x64.ActiveCfg = Release|x64
		{75246BF5-7FC8-415B-BAEE-24BA4FC72AE2}.Release|x64.Build.0 = Release|x64
		{75246BF5-7FC8-415B-BAEE-24BA4FC72AE2}.Release|x86.ActiveCfg = Release|Win32
		{75246BF5-7FC8-415B-BAEE-24BA4FC72AE2}.Release|x86.Build.0 = Release|Win32
		{4351AFB6-4253-4D5F-B2F3-52B44D6C6F6B}.Debug|x64.ActiveCfg = Debug|x64
		{4351AFB6-4253-4D5F-B2F3-52B44D6C6F6B}.Debug|x64.Build.0 = Debug|x64
		{4351AFB6-4253-4D5F-B2F3-52B44D6C6F6B}.Debug|x86.ActiveCfg = Debug|Win32
		{4351AFB6-4253-4D5F-B2F3-52B44D6C6F6B}.Debug|x86.Build.0 = Debug|Win32
		{4351AFB6-4253-4D5F-B2F3-52B44D6C6F6B}.Release|x64.ActiveCfg = Release|x64
		{4351AFB6-4253-4D5F-B2F3-52B44D6C6F6B}.Release|x64.Build.0 = Release|x64
		{4351AFB6-4253-4D5F-B2F3-52B44D6C6F6B}.Release|x86.ActiveCfg = Release|Win32
		{4351AFB6-4253-4D5F-B2F3-52B44D6C6F6B}.Release|x86.Build.0 = Release|Win32
	EndGlobalSection
	GlobalSection(SolutionProperties) = preSolution
		HideSolutionNode = FALSE
	EndGlobalSection
	GlobalSection(ExtensibilityGlobals) = postSolution
		SolutionGuid = {58C315C9-2F6C-4F3D-995C-08F8ED67234F}
	EndGlobalSection
EndGlobal
