<?xml version="1.0" encoding="utf-8"?>
<Project ToolsVersion="4.0" xmlns="http://schemas.microsoft.com/developer/msbuild/2003">
  <ItemGroup>
    <Filter Include="Source Files">
      <UniqueIdentifier>{4FC737F1-C7A5-4376-A066-2A32D752A2FF}</UniqueIdentifier>
      <Extensions>cpp;c;cc;cxx;c++;cppm;ixx;def;odl;idl;hpj;bat;asm;asmx</Extensions>
    </Filter>
    <Filter Include="Header Files">
      <UniqueIdentifier>{93995380-89BD-4b04-88EB-625FBE52EBFB}</UniqueIdentifier>
      <Extensions>h;hh;hpp;hxx;h++;hm;inl;inc;ipp;xsd</Extensions>
    </Filter>
    <Filter Include="Resource Files">
      <UniqueIdentifier>{67DA6AB6-F800-4c08-8B7A-83BB121AAD01}</UniqueIdentifier>
      <Extensions>rc;ico;cur;bmp;dlg;rc2;rct;bin;rgs;gif;jpg;jpeg;jpe;resx;tiff;tif;png;wav;mfcribbon-ms</Extensions>
    </Filter>
  </ItemGroup>
  <ItemGroup>
    <ClInclude Include="Logger\Logger.h">
      <Filter>Header Files</Filter>
    </ClInclude>
    <ClInclude Include="Logger\Checker.h">
      <Filter>Header Files</Filter>
    </ClInclude>
    <ClInclude Include="Timer\Timer.h">
      <Filter>Header Files</Filter>
    </ClInclude>
    <ClInclude Include="Timer\FrameTimer.h">
      <Filter>Header Files</Filter>
    </ClInclude>
    <ClInclude Include="Timer\BlockTimer.h">
      <Filter>Header Files</Filter>
    </ClInclude>
    <ClInclude Include="EngineApi.h">
      <Filter>Header Files</Filter>
    </ClInclude>
    <ClInclude Include="Vulkan\DebugMessenger.h">
      <Filter>Header Files</Filter>
    </ClInclude>
    <ClInclude Include="Vulkan\Instance.h">
      <Filter>Header Files</Filter>
    </ClInclude>
    <ClInclude Include="Vulkan\ValidationLayer.h">
      <Filter>Header Files</Filter>
    </ClInclude>
    <ClInclude Include="Vulkan\Surface.h">
      <Filter>Header Files</Filter>
    </ClInclude>
    <ClInclude Include="Vulkan\PhysicalDevice.h">
      <Filter>Header Files</Filter>
    </ClInclude>
    <ClInclude Include="Vulkan\Device.h">
      <Filter>Header Files</Filter>
    </ClInclude>
    <ClInclude Include="Vulkan\SwapChain.h">
      <Filter>Header Files</Filter>
    </ClInclude>
    <ClInclude Include="Registry\Entity.h">
      <Filter>Header Files</Filter>
    </ClInclude>
    <ClInclude Include="Registry\Pool.h">
      <Filter>Header Files</Filter>
    </ClInclude>
    <ClInclude Include="Registry\Registry.h">
      <Filter>Header Files</Filter>
    </ClInclude>
    <ClInclude Include="Registry\Relationship.h">
      <Filter>Header Files</Filter>
    </ClInclude>
    <ClInclude Include="Registry\Unique.h">
      <Filter>Header Files</Filter>
    </ClInclude>
    <ClInclude Include="Engine.h">
      <Filter>Header Files</Filter>
    </ClInclude>
    <ClInclude Include="Vulkan\VulkanContext.h">
      <Filter>Header Files</Filter>
    </ClInclude>
    <ClInclude Include="Vulkan\ShaderCompiler.h">
      <Filter>Header Files</Filter>
    </ClInclude>
    <ClInclude Include="Vulkan\ShaderModule.h">
      <Filter>Header Files</Filter>
    </ClInclude>
    <ClInclude Include="Vulkan\GraphicsPipeline.h">
      <Filter>Header Files</Filter>
    </ClInclude>
    <ClInclude Include="Vulkan\RenderPass.h">
      <Filter>Header Files</Filter>
    </ClInclude>
    <ClInclude Include="Vulkan\FrameBuffer.h">
      <Filter>Header Files</Filter>
    </ClInclude>
    <ClInclude Include="Vulkan\Image.h">
      <Filter>Header Files</Filter>
    </ClInclude>
    <ClInclude Include="Vulkan\Memory.h">
      <Filter>Header Files</Filter>
    </ClInclude>
    <ClInclude Include="Render\Vertex.h">
      <Filter>Header Files</Filter>
    </ClInclude>
    <ClInclude Include="Render\Renderer.h">
      <Filter>Header Files</Filter>
    </ClInclude>
  </ItemGroup>
  <ItemGroup>
    <ClCompile Include="Engine.cpp">
      <Filter>Source Files</Filter>
    </ClCompile>
    <ClCompile Include="Logger\Logger.cpp">
      <Filter>Source Files</Filter>
    </ClCompile>
    <ClCompile Include="Timer\Timer.cpp">
      <Filter>Source Files</Filter>
    </ClCompile>
    <ClCompile Include="Timer\FrameTimer.cpp">
      <Filter>Source Files</Filter>
    </ClCompile>
    <ClCompile Include="Timer\BlockTimer.cpp">
      <Filter>Source Files</Filter>
    </ClCompile>
    <ClCompile Include="Vulkan\DebugMessenger.cpp">
      <Filter>Source Files</Filter>
    </ClCompile>
    <ClCompile Include="Vulkan\Instance.cpp">
      <Filter>Source Files</Filter>
    </ClCompile>
    <ClCompile Include="Vulkan\ValidationLayer.cpp">
      <Filter>Source Files</Filter>
    </ClCompile>
    <ClCompile Include="Vulkan\Surface.cpp">
      <Filter>Source Files</Filter>
    </ClCompile>
    <ClCompile Include="Vulkan\PhysicalDevice.cpp">
      <Filter>Source Files</Filter>
    </ClCompile>
    <ClCompile Include="Vulkan\Device.cpp">
      <Filter>Source Files</Filter>
    </ClCompile>
    <ClCompile Include="Vulkan\SwapChain.cpp">
      <Filter>Source Files</Filter>
    </ClCompile>
    <ClCompile Include="Registry\Registry.cpp">
      <Filter>Source Files</Filter>
    </ClCompile>
    <ClCompile Include="Registry\Relationship.cpp">
      <Filter>Source Files</Filter>
    </ClCompile>
    <ClCompile Include="Registry\Unique.cpp">
      <Filter>Source Files</Filter>
    </ClCompile>
    <ClCompile Include="Vulkan\VulkanContext.cpp">
      <Filter>Source Files</Filter>
    </ClCompile>
    <ClCompile Include="Vulkan\ShaderCompiler.cpp">
      <Filter>Source Files</Filter>
    </ClCompile>
    <ClCompile Include="Vulkan\ShaderModule.cpp">
      <Filter>Source Files</Filter>
    </ClCompile>
    <ClCompile Include="Vulkan\GraphicsPipeline.cpp">
      <Filter>Source Files</Filter>
    </ClCompile>
    <ClCompile Include="Vulkan\RenderPass.cpp">
      <Filter>Source Files</Filter>
    </ClCompile>
    <ClCompile Include="Vulkan\FrameBuffer.cpp">
      <Filter>Source Files</Filter>
    </ClCompile>
    <ClCompile Include="Vulkan\Image.cpp">
      <Filter>Source Files</Filter>
    </ClCompile>
    <ClCompile Include="Vulkan\Memory.cpp">
      <Filter>Source Files</Filter>
    </ClCompile>
    <ClCompile Include="Render\Vertex.cpp">
      <Filter>Source Files</Filter>
    </ClCompile>
    <ClCompile Include="Render\Renderer.cpp">
      <Filter>Source Files</Filter>
    </ClCompile>
  </ItemGroup>
  <ItemGroup>
    <None Include="Registry\Pool.inl">
      <Filter>Header Files</Filter>
    </None>
    <None Include="Registry\Registry.inl">
      <Filter>Header Files</Filter>
    </None>
    <None Include="Shaders\Basic.vert" />
    <None Include="Shaders\Basic.frag" />
  </ItemGroup>
</Project>